
Microsoft Visual Studio Solution File, Format Version 12.00
# Visual Studio Version 16
VisualStudioVersion = 16.0.30204.135
MinimumVisualStudioVersion = 10.0.40219.1
Project("{FAE04EC0-301F-11D3-BF4B-00C04F79EFBC}") = "CookieClickerPlayer", "CookieClickerPlayer\CookieClickerPlayer.csproj", "{3EE6E419-046D-4D71-B7DD-311837AAA6FC}"
EndProject
Global
	GlobalSection(SolutionConfigurationPlatforms) = preSolution
		Debug|Any CPU = Debug|Any CPU
		Release|Any CPU = Release|Any CPU
	EndGlobalSection
	GlobalSection(ProjectConfigurationPlatforms) = postSolution
		{3EE6E419-046D-4D71-B7DD-311837AAA6FC}.Debug|Any CPU.ActiveCfg = Debug|Any CPU
		{3EE6E419-046D-4D71-B7DD-311837AAA6FC}.Debug|Any CPU.Build.0 = Debug|Any CPU
		{3EE6E419-046D-4D71-B7DD-311837AAA6FC}.Release|Any CPU.ActiveCfg = Release|Any CPU
		{3EE6E419-046D-4D71-B7DD-311837AAA6FC}.Release|Any CPU.Build.0 = Release|Any CPU
	EndGlobalSection
	GlobalSection(SolutionProperties) = preSolution
		HideSolutionNode = FALSE
	EndGlobalSection
	GlobalSection(ExtensibilityGlobals) = postSolution
		SolutionGuid = {8C279C8E-C10F-4604-9239-795C93576C36}
	EndGlobalSection
EndGlobal
